{
  "name": "@rarible/tokens",
  "version": "0.2.0",
  "lockfileVersion": 1,
  "requires": true,
  "dependencies": {
    "@daonomic/tests-common": {
      "version": "0.2.2",
      "resolved": "https://registry.npmmirror.com/@daonomic/tests-common/download/@daonomic/tests-common-0.2.2.tgz",
      "integrity": "sha1-8S4CJVvTuYZEH0ilXFX46HZNALw=",
      "dev": true
    }
  }
}
